
Microsoft Visual Studio Solution File, Format Version 12.00
# Visual Studio 15
Project("{FAE04EC0-301F-11D3-BF4B-00C04F79EFBC}") = "Assembly-CSharp-firstpass", "Assembly-CSharp-firstpass.csproj", "{0C58B5B0-D03D-6E43-82F8-98057F41D2F4}"
EndProject
Project("{FAE04EC0-301F-11D3-BF4B-00C04F79EFBC}") = "Assembly-CSharp", "Assembly-CSharp.csproj", "{F902C78A-D527-49B3-008A-9CA27A45B465}"
EndProject
Project("{FAE04EC0-301F-11D3-BF4B-00C04F79EFBC}") = "Assembly-CSharp-Editor-firstpass", "Assembly-CSharp-Editor-firstpass.csproj", "{69BABCC6-FA38-938A-6158-F4B2DDA00778}"
EndProject
Global
	GlobalSection(SolutionConfigurationPlatforms) = preSolution
		Debug|Any CPU = Debug|Any CPU
		Release|Any CPU = Release|Any CPU
	EndGlobalSection
	GlobalSection(ProjectConfigurationPlatforms) = postSolution
		{0C58B5B0-D03D-6E43-82F8-98057F41D2F4}.Debug|Any CPU.ActiveCfg = Debug|Any CPU
		{0C58B5B0-D03D-6E43-82F8-98057F41D2F4}.Debug|Any CPU.Build.0 = Debug|Any CPU
		{0C58B5B0-D03D-6E43-82F8-98057F41D2F4}.Release|Any CPU.ActiveCfg = Release|Any CPU
		{0C58B5B0-D03D-6E43-82F8-98057F41D2F4}.Release|Any CPU.Build.0 = Release|Any CPU
		{F902C78A-D527-49B3-008A-9CA27A45B465}.Debug|Any CPU.ActiveCfg = Debug|Any CPU
		{F902C78A-D527-49B3-008A-9CA27A45B465}.Debug|Any CPU.Build.0 = Debug|Any CPU
		{F902C78A-D527-49B3-008A-9CA27A45B465}.Release|Any CPU.ActiveCfg = Release|Any CPU
		{F902C78A-D527-49B3-008A-9CA27A45B465}.Release|Any CPU.Build.0 = Release|Any CPU
		{69BABCC6-FA38-938A-6158-F4B2DDA00778}.Debug|Any CPU.ActiveCfg = Debug|Any CPU
		{69BABCC6-FA38-938A-6158-F4B2DDA00778}.Debug|Any CPU.Build.0 = Debug|Any CPU
		{69BABCC6-FA38-938A-6158-F4B2DDA00778}.Release|Any CPU.ActiveCfg = Release|Any CPU
		{69BABCC6-FA38-938A-6158-F4B2DDA00778}.Release|Any CPU.Build.0 = Release|Any CPU
	EndGlobalSection
	GlobalSection(SolutionProperties) = preSolution
		HideSolutionNode = FALSE
	EndGlobalSection
EndGlobal
